
Microsoft Visual Studio Solution File, Format Version 12.00
# Visual Studio Version 16
VisualStudioVersion = 16.0.30225.117
MinimumVisualStudioVersion = 10.0.40219.1
Project("{FAE04EC0-301F-11D3-BF4B-00C04F79EFBC}") = "gRpc.Servers", "gRpc.Server\gRpc.Servers.csproj", "{F14C5BCB-37FC-4FB8-B25A-A28514CECD1A}"
EndProject
Project("{FAE04EC0-301F-11D3-BF4B-00C04F79EFBC}") = "gRpc.Library", "gRpc.ibrary\gRpc.Library.csproj", "{38C86473-7D2A-4129-92F1-AAA5C8AF00D2}"
EndProject
Project("{FAE04EC0-301F-11D3-BF4B-00C04F79EFBC}") = "WebApi.Host", "WebApi.Host\WebApi.Host.csproj", "{C83B4CF6-E635-471C-B7A9-E58ECC9D8C4B}"
EndProject
Global
	GlobalSection(SolutionConfigurationPlatforms) = preSolution
		Debug|Any CPU = Debug|Any CPU
		Release|Any CPU = Release|Any CPU
	EndGlobalSection
	GlobalSection(ProjectConfigurationPlatforms) = postSolution
		{F14C5BCB-37FC-4FB8-B25A-A28514CECD1A}.Debug|Any CPU.ActiveCfg = Debug|Any CPU
		{F14C5BCB-37FC-4FB8-B25A-A28514CECD1A}.Debug|Any CPU.Build.0 = Debug|Any CPU
		{F14C5BCB-37FC-4FB8-B25A-A28514CECD1A}.Release|Any CPU.ActiveCfg = Release|Any CPU
		{F14C5BCB-37FC-4FB8-B25A-A28514CECD1A}.Release|Any CPU.Build.0 = Release|Any CPU
		{38C86473-7D2A-4129-92F1-AAA5C8AF00D2}.Debug|Any CPU.ActiveCfg = Debug|Any CPU
		{38C86473-7D2A-4129-92F1-AAA5C8AF00D2}.Debug|Any CPU.Build.0 = Debug|Any CPU
		{38C86473-7D2A-4129-92F1-AAA5C8AF00D2}.Release|Any CPU.ActiveCfg = Release|Any CPU
		{38C86473-7D2A-4129-92F1-AAA5C8AF00D2}.Release|Any CPU.Build.0 = Release|Any CPU
		{C83B4CF6-E635-471C-B7A9-E58ECC9D8C4B}.Debug|Any CPU.ActiveCfg = Debug|Any CPU
		{C83B4CF6-E635-471C-B7A9-E58ECC9D8C4B}.Debug|Any CPU.Build.0 = Debug|Any CPU
		{C83B4CF6-E635-471C-B7A9-E58ECC9D8C4B}.Release|Any CPU.ActiveCfg = Release|Any CPU
		{C83B4CF6-E635-471C-B7A9-E58ECC9D8C4B}.Release|Any CPU.Build.0 = Release|Any CPU
	EndGlobalSection
	GlobalSection(SolutionProperties) = preSolution
		HideSolutionNode = FALSE
	EndGlobalSection
	GlobalSection(ExtensibilityGlobals) = postSolution
		SolutionGuid = {1F885FB9-E53D-48E3-96CD-2DBFEF296777}
	EndGlobalSection
EndGlobal
