
Microsoft Visual Studio Solution File, Format Version 12.00
# Visual Studio Version 16
VisualStudioVersion = 16.0.30225.117
MinimumVisualStudioVersion = 10.0.40219.1
Project("{FAE04EC0-301F-11D3-BF4B-00C04F79EFBC}") = "gRpc.Client", "gRpc.Client\gRpc.Client.csproj", "{87F1DE1D-0CBA-4BF1-9053-4390CD79CEF9}"
EndProject
Project("{FAE04EC0-301F-11D3-BF4B-00C04F79EFBC}") = "gRpc.Library", "..\gRpc.Server\gRpc.ibrary\gRpc.Library.csproj", "{38C86473-7D2A-4129-92F1-AAA5C8AF00D2}"
EndProject
Global
	GlobalSection(SolutionConfigurationPlatforms) = preSolution
		Debug|Any CPU = Debug|Any CPU
		Release|Any CPU = Release|Any CPU
	EndGlobalSection
	GlobalSection(ProjectConfigurationPlatforms) = postSolution
		{87F1DE1D-0CBA-4BF1-9053-4390CD79CEF9}.Debug|Any CPU.ActiveCfg = Debug|Any CPU
		{87F1DE1D-0CBA-4BF1-9053-4390CD79CEF9}.Debug|Any CPU.Build.0 = Debug|Any CPU
		{87F1DE1D-0CBA-4BF1-9053-4390CD79CEF9}.Release|Any CPU.ActiveCfg = Release|Any CPU
		{87F1DE1D-0CBA-4BF1-9053-4390CD79CEF9}.Release|Any CPU.Build.0 = Release|Any CPU
		{38C86473-7D2A-4129-92F1-AAA5C8AF00D2}.Debug|Any CPU.ActiveCfg = Debug|Any CPU
		{38C86473-7D2A-4129-92F1-AAA5C8AF00D2}.Debug|Any CPU.Build.0 = Debug|Any CPU
		{38C86473-7D2A-4129-92F1-AAA5C8AF00D2}.Release|Any CPU.ActiveCfg = Release|Any CPU
		{38C86473-7D2A-4129-92F1-AAA5C8AF00D2}.Release|Any CPU.Build.0 = Release|Any CPU
	EndGlobalSection
	GlobalSection(SolutionProperties) = preSolution
		HideSolutionNode = FALSE
	EndGlobalSection
	GlobalSection(ExtensibilityGlobals) = postSolution
		SolutionGuid = {0BE572AC-9369-4B83-951D-F4320E43451D}
	EndGlobalSection
EndGlobal
